
Microsoft Visual Studio Solution File, Format Version 10.00
# Visual C# Express 2008
Project("{FAE04EC0-301F-11D3-BF4B-00C04F79EFBC}") = "ShortestWalk.Rh", "ShortestWalk.Rh\ShortestWalk.Rh.csproj", "{6B67EE9B-B8FD-473E-A867-CA42886CA529}"
EndProject
Project("{FAE04EC0-301F-11D3-BF4B-00C04F79EFBC}") = "ShortestWalk.Gh", "ShortestWalk.Gh\ShortestWalk.Gh.csproj", "{6F4CAE4D-A9DD-4517-B64A-FEE2EEE0C6CC}"
EndProject
Project("{FAE04EC0-301F-11D3-BF4B-00C04F79EFBC}") = "ShortestWalk", "ShortestWalk\ShortestWalk.csproj", "{E1A5CDC7-E61E-49AA-A42C-CB57D15483DB}"
EndProject
Global
	GlobalSection(SolutionConfigurationPlatforms) = preSolution
		Debug|Any CPU = Debug|Any CPU
		Debug5|Any CPU = Debug5|Any CPU
		Debug5H|Any CPU = Debug5H|Any CPU
		Release|Any CPU = Release|Any CPU
	EndGlobalSection
	GlobalSection(ProjectConfigurationPlatforms) = postSolution
		{6B67EE9B-B8FD-473E-A867-CA42886CA529}.Debug|Any CPU.ActiveCfg = Debug|Any CPU
		{6B67EE9B-B8FD-473E-A867-CA42886CA529}.Debug|Any CPU.Build.0 = Debug|Any CPU
		{6B67EE9B-B8FD-473E-A867-CA42886CA529}.Debug5|Any CPU.ActiveCfg = Debug5|Any CPU
		{6B67EE9B-B8FD-473E-A867-CA42886CA529}.Debug5|Any CPU.Build.0 = Debug5|Any CPU
		{6B67EE9B-B8FD-473E-A867-CA42886CA529}.Debug5H|Any CPU.ActiveCfg = Debug5H|Any CPU
		{6B67EE9B-B8FD-473E-A867-CA42886CA529}.Debug5H|Any CPU.Build.0 = Debug5H|Any CPU
		{6B67EE9B-B8FD-473E-A867-CA42886CA529}.Release|Any CPU.ActiveCfg = Release|Any CPU
		{6B67EE9B-B8FD-473E-A867-CA42886CA529}.Release|Any CPU.Build.0 = Release|Any CPU
		{6F4CAE4D-A9DD-4517-B64A-FEE2EEE0C6CC}.Debug|Any CPU.ActiveCfg = Debug|Any CPU
		{6F4CAE4D-A9DD-4517-B64A-FEE2EEE0C6CC}.Debug|Any CPU.Build.0 = Debug|Any CPU
		{6F4CAE4D-A9DD-4517-B64A-FEE2EEE0C6CC}.Debug5|Any CPU.ActiveCfg = Debug|Any CPU
		{6F4CAE4D-A9DD-4517-B64A-FEE2EEE0C6CC}.Debug5|Any CPU.Build.0 = Debug|Any CPU
		{6F4CAE4D-A9DD-4517-B64A-FEE2EEE0C6CC}.Debug5H|Any CPU.ActiveCfg = Debug|Any CPU
		{6F4CAE4D-A9DD-4517-B64A-FEE2EEE0C6CC}.Debug5H|Any CPU.Build.0 = Debug|Any CPU
		{6F4CAE4D-A9DD-4517-B64A-FEE2EEE0C6CC}.Release|Any CPU.ActiveCfg = Release|Any CPU
		{6F4CAE4D-A9DD-4517-B64A-FEE2EEE0C6CC}.Release|Any CPU.Build.0 = Release|Any CPU
		{E1A5CDC7-E61E-49AA-A42C-CB57D15483DB}.Debug|Any CPU.ActiveCfg = Debug|Any CPU
		{E1A5CDC7-E61E-49AA-A42C-CB57D15483DB}.Debug|Any CPU.Build.0 = Debug|Any CPU
		{E1A5CDC7-E61E-49AA-A42C-CB57D15483DB}.Debug5|Any CPU.ActiveCfg = Debug|Any CPU
		{E1A5CDC7-E61E-49AA-A42C-CB57D15483DB}.Debug5|Any CPU.Build.0 = Debug|Any CPU
		{E1A5CDC7-E61E-49AA-A42C-CB57D15483DB}.Debug5H|Any CPU.ActiveCfg = Debug|Any CPU
		{E1A5CDC7-E61E-49AA-A42C-CB57D15483DB}.Debug5H|Any CPU.Build.0 = Debug|Any CPU
		{E1A5CDC7-E61E-49AA-A42C-CB57D15483DB}.Release|Any CPU.ActiveCfg = Release|Any CPU
		{E1A5CDC7-E61E-49AA-A42C-CB57D15483DB}.Release|Any CPU.Build.0 = Release|Any CPU
	EndGlobalSection
	GlobalSection(SolutionProperties) = preSolution
		HideSolutionNode = FALSE
	EndGlobalSection
EndGlobal
